{
    "version": 3,
    "terraform_version": "0.11.13",
    "serial": 7,
    "lineage": "b0e1810a-6f4e-4868-fc8e-cae9b26148a7",
    "modules": [
        {
            "path": [
                "root"
            ],
            "outputs": {
                "nginx_public_ip": {
                    "sensitive": false,
                    "type": "string",
                    "value": ""
                }
            },
            "resources": {
                "google_compute_firewall.http-nginx": {
                    "type": "google_compute_firewall",
                    "depends_on": [
                        "google_compute_network.default"
                    ],
                    "primary": {
                        "id": "http-nginx",
                        "attributes": {
                            "allow.#": "1",
                            "allow.272637744.ports.#": "1",
                            "allow.272637744.ports.0": "80",
                            "allow.272637744.protocol": "tcp",
                            "creation_timestamp": "2019-03-21T12:05:38.104-07:00",
                            "deny.#": "0",
                            "description": "",
                            "destination_ranges.#": "0",
                            "direction": "INGRESS",
                            "disabled": "false",
                            "id": "http-nginx",
                            "name": "http-nginx",
                            "network": "https://www.googleapis.com/compute/v1/projects/rhama-227709/global/networks/kubernetes-the-easy-way",
                            "priority": "1000",
                            "project": "rhama-227709",
                            "self_link": "https://www.googleapis.com/compute/v1/projects/rhama-227709/global/firewalls/http-nginx",
                            "source_ranges.#": "1",
                            "source_ranges.1080289494": "0.0.0.0/0",
                            "source_service_accounts.#": "0",
                            "source_tags.#": "0",
                            "target_service_accounts.#": "0",
                            "target_tags.#": "1",
                            "target_tags.2759310851": "nginx"
                        },
                        "meta": {
                            "e2bfb730-ecaa-11e6-8f88-34363bc7c4c0": {
                                "create": 240000000000,
                                "delete": 240000000000,
                                "update": 240000000000
                            },
                            "schema_version": "1"
                        },
                        "tainted": false
                    },
                    "deposed": [],
                    "provider": "provider.google"
                },
                "google_compute_firewall.ssh-nginx": {
                    "type": "google_compute_firewall",
                    "depends_on": [
                        "google_compute_network.default"
                    ],
                    "primary": {
                        "id": "ssh-nginx",
                        "attributes": {
                            "allow.#": "1",
                            "allow.803338340.ports.#": "1",
                            "allow.803338340.ports.0": "22",
                            "allow.803338340.protocol": "tcp",
                            "creation_timestamp": "2019-03-21T12:05:37.688-07:00",
                            "deny.#": "0",
                            "description": "",
                            "destination_ranges.#": "0",
                            "direction": "INGRESS",
                            "disabled": "false",
                            "id": "ssh-nginx",
                            "name": "ssh-nginx",
                            "network": "https://www.googleapis.com/compute/v1/projects/rhama-227709/global/networks/kubernetes-the-easy-way",
                            "priority": "1000",
                            "project": "rhama-227709",
                            "self_link": "https://www.googleapis.com/compute/v1/projects/rhama-227709/global/firewalls/ssh-nginx",
                            "source_ranges.#": "1",
                            "source_ranges.1080289494": "0.0.0.0/0",
                            "source_service_accounts.#": "0",
                            "source_tags.#": "0",
                            "target_service_accounts.#": "0",
                            "target_tags.#": "1",
                            "target_tags.2759310851": "nginx"
                        },
                        "meta": {
                            "e2bfb730-ecaa-11e6-8f88-34363bc7c4c0": {
                                "create": 240000000000,
                                "delete": 240000000000,
                                "update": 240000000000
                            },
                            "schema_version": "1"
                        },
                        "tainted": false
                    },
                    "deposed": [],
                    "provider": "provider.google"
                },
                "google_compute_instance.vm_instance": {
                    "type": "google_compute_instance",
                    "depends_on": [
                        "google_compute_subnetwork.default"
                    ],
                    "primary": {
                        "id": "terraform-instance-0",
                        "attributes": {
                            "attached_disk.#": "0",
                            "boot_disk.#": "1",
                            "boot_disk.0.auto_delete": "true",
                            "boot_disk.0.device_name": "persistent-disk-0",
                            "boot_disk.0.disk_encryption_key_raw": "",
                            "boot_disk.0.disk_encryption_key_sha256": "",
                            "boot_disk.0.initialize_params.#": "1",
                            "boot_disk.0.initialize_params.0.image": "https://www.googleapis.com/compute/v1/projects/ubuntu-os-cloud/global/images/ubuntu-1804-bionic-v20181222",
                            "boot_disk.0.initialize_params.0.size": "10",
                            "boot_disk.0.initialize_params.0.type": "pd-standard",
                            "boot_disk.0.source": "https://www.googleapis.com/compute/v1/projects/rhama-227709/zones/asia-east2-a/disks/terraform-instance-0",
                            "can_ip_forward": "true",
                            "cpu_platform": "Intel Skylake",
                            "deletion_protection": "false",
                            "guest_accelerator.#": "0",
                            "hostname": "",
                            "id": "terraform-instance-0",
                            "instance_id": "6974484187411537753",
                            "label_fingerprint": "42WmSpB8rSM=",
                            "labels.%": "0",
                            "machine_type": "n1-standard-1",
                            "metadata.%": "0",
                            "metadata_fingerprint": "qQXDvbA1nX8=",
                            "metadata_startup_script": "#!/bin/bash\nsudo apt-get update\nsudo apt-get -y install nginx\n",
                            "min_cpu_platform": "",
                            "name": "terraform-instance-0",
                            "network_interface.#": "1",
                            "network_interface.0.access_config.#": "1",
                            "network_interface.0.access_config.0.assigned_nat_ip": "",
                            "network_interface.0.access_config.0.nat_ip": "35.220.163.147",
                            "network_interface.0.access_config.0.network_tier": "PREMIUM",
                            "network_interface.0.access_config.0.public_ptr_domain_name": "",
                            "network_interface.0.address": "",
                            "network_interface.0.alias_ip_range.#": "0",
                            "network_interface.0.name": "nic0",
                            "network_interface.0.network": "https://www.googleapis.com/compute/v1/projects/rhama-227709/global/networks/kubernetes-the-easy-way",
                            "network_interface.0.network_ip": "10.240.0.10",
                            "network_interface.0.subnetwork": "https://www.googleapis.com/compute/v1/projects/rhama-227709/regions/asia-east2/subnetworks/kubernetes3",
                            "network_interface.0.subnetwork_project": "rhama-227709",
                            "project": "rhama-227709",
                            "scheduling.#": "1",
                            "scheduling.0.automatic_restart": "true",
                            "scheduling.0.on_host_maintenance": "MIGRATE",
                            "scheduling.0.preemptible": "false",
                            "scratch_disk.#": "0",
                            "self_link": "https://www.googleapis.com/compute/v1/projects/rhama-227709/zones/asia-east2-a/instances/terraform-instance-0",
                            "service_account.#": "0",
                            "tags.#": "1",
                            "tags.2759310851": "nginx",
                            "tags_fingerprint": "ZEhOlPNyE1c=",
                            "zone": "asia-east2-a"
                        },
                        "meta": {
                            "e2bfb730-ecaa-11e6-8f88-34363bc7c4c0": {
                                "create": 360000000000,
                                "delete": 360000000000,
                                "update": 360000000000
                            },
                            "schema_version": "6"
                        },
                        "tainted": false
                    },
                    "deposed": [],
                    "provider": "provider.google"
                },
                "google_compute_network.default": {
                    "type": "google_compute_network",
                    "depends_on": [],
                    "primary": {
                        "id": "kubernetes-the-easy-way",
                        "attributes": {
                            "auto_create_subnetworks": "false",
                            "description": "",
                            "gateway_ipv4": "",
                            "id": "kubernetes-the-easy-way",
                            "ipv4_range": "",
                            "name": "kubernetes-the-easy-way",
                            "project": "rhama-227709",
                            "routing_mode": "REGIONAL",
                            "self_link": "https://www.googleapis.com/compute/v1/projects/rhama-227709/global/networks/kubernetes-the-easy-way"
                        },
                        "meta": {
                            "e2bfb730-ecaa-11e6-8f88-34363bc7c4c0": {
                                "create": 240000000000,
                                "delete": 240000000000,
                                "update": 240000000000
                            }
                        },
                        "tainted": false
                    },
                    "deposed": [],
                    "provider": "provider.google"
                },
                "google_compute_subnetwork.default": {
                    "type": "google_compute_subnetwork",
                    "depends_on": [
                        "google_compute_network.default"
                    ],
                    "primary": {
                        "id": "asia-east2/kubernetes3",
                        "attributes": {
                            "creation_timestamp": "2019-03-19T12:46:44.926-07:00",
                            "description": "",
                            "enable_flow_logs": "false",
                            "fingerprint": "213N-FctTyg=",
                            "gateway_address": "10.240.0.1",
                            "id": "asia-east2/kubernetes3",
                            "ip_cidr_range": "10.240.0.0/24",
                            "name": "kubernetes3",
                            "network": "https://www.googleapis.com/compute/v1/projects/rhama-227709/global/networks/kubernetes-the-easy-way",
                            "private_ip_google_access": "false",
                            "project": "rhama-227709",
                            "region": "asia-east2",
                            "secondary_ip_range.#": "0",
                            "self_link": "https://www.googleapis.com/compute/v1/projects/rhama-227709/regions/asia-east2/subnetworks/kubernetes3"
                        },
                        "meta": {
                            "e2bfb730-ecaa-11e6-8f88-34363bc7c4c0": {
                                "create": 360000000000,
                                "delete": 360000000000,
                                "update": 360000000000
                            }
                        },
                        "tainted": false
                    },
                    "deposed": [],
                    "provider": "provider.google"
                }
            },
            "depends_on": []
        }
    ]
}
