{
    "version": 3,
    "terraform_version": "0.11.10",
    "serial": 8,
    "lineage": "70693b15-6540-9716-d3e3-66fcf40cc654",
    "modules": [
        {
            "path": [
                "root"
            ],
            "outputs": {},
            "resources": {
                "google_compute_address.default": {
                    "type": "google_compute_address",
                    "depends_on": [],
                    "primary": {
                        "id": "ines-228218/europe-north1/kubernetes-the-easy-way",
                        "attributes": {
                            "address": "35.228.135.163",
                            "address_type": "EXTERNAL",
                            "creation_timestamp": "2019-01-23T07:42:06.710-08:00",
                            "description": "",
                            "id": "ines-228218/europe-north1/kubernetes-the-easy-way",
                            "label_fingerprint": "42WmSpB8rSM=",
                            "labels.%": "0",
                            "name": "kubernetes-the-easy-way",
                            "network_tier": "PREMIUM",
                            "project": "ines-228218",
                            "region": "europe-north1",
                            "self_link": "https://www.googleapis.com/compute/v1/projects/ines-228218/regions/europe-north1/addresses/kubernetes-the-easy-way",
                            "subnetwork": "",
                            "users.#": "0"
                        },
                        "meta": {
                            "e2bfb730-ecaa-11e6-8f88-34363bc7c4c0": {
                                "create": 240000000000,
                                "delete": 240000000000,
                                "update": 240000000000
                            }
                        },
                        "tainted": false
                    },
                    "deposed": [],
                    "provider": "provider.google"
                },
                "google_compute_firewall.external": {
                    "type": "google_compute_firewall",
                    "depends_on": [
                        "google_compute_network.default"
                    ],
                    "primary": {
                        "id": "kubernetes-the-easy-way-allow-external-communication",
                        "attributes": {
                            "allow.#": "3",
                            "allow.1367131964.ports.#": "0",
                            "allow.1367131964.protocol": "icmp",
                            "allow.1486604749.ports.#": "0",
                            "allow.1486604749.protocol": "udp",
                            "allow.2424360187.ports.#": "2",
                            "allow.2424360187.ports.0": "22",
                            "allow.2424360187.ports.1": "6443",
                            "allow.2424360187.protocol": "tcp",
                            "creation_timestamp": "2019-01-23T07:06:43.210-08:00",
                            "deny.#": "0",
                            "description": "",
                            "destination_ranges.#": "0",
                            "direction": "INGRESS",
                            "disabled": "false",
                            "enable_logging": "false",
                            "id": "kubernetes-the-easy-way-allow-external-communication",
                            "name": "kubernetes-the-easy-way-allow-external-communication",
                            "network": "https://www.googleapis.com/compute/v1/projects/ines-228218/global/networks/kubernetes-the-easy-way",
                            "priority": "1000",
                            "project": "ines-228218",
                            "self_link": "https://www.googleapis.com/compute/v1/projects/ines-228218/global/firewalls/kubernetes-the-easy-way-allow-external-communication",
                            "source_ranges.#": "1",
                            "source_ranges.1080289494": "0.0.0.0/0",
                            "source_service_accounts.#": "0",
                            "source_tags.#": "0",
                            "target_service_accounts.#": "0",
                            "target_tags.#": "0"
                        },
                        "meta": {
                            "e2bfb730-ecaa-11e6-8f88-34363bc7c4c0": {
                                "create": 240000000000,
                                "delete": 240000000000,
                                "update": 240000000000
                            },
                            "schema_version": "1"
                        },
                        "tainted": false
                    },
                    "deposed": [],
                    "provider": "provider.google"
                },
                "google_compute_firewall.internal": {
                    "type": "google_compute_firewall",
                    "depends_on": [
                        "google_compute_network.default"
                    ],
                    "primary": {
                        "id": "kubernetes-the-easy-way-allow-internal-communication",
                        "attributes": {
                            "allow.#": "3",
                            "allow.1367131964.ports.#": "0",
                            "allow.1367131964.protocol": "icmp",
                            "allow.1486604749.ports.#": "0",
                            "allow.1486604749.protocol": "udp",
                            "allow.3848845357.ports.#": "0",
                            "allow.3848845357.protocol": "tcp",
                            "creation_timestamp": "2019-01-23T07:06:42.961-08:00",
                            "deny.#": "0",
                            "description": "",
                            "destination_ranges.#": "0",
                            "direction": "INGRESS",
                            "disabled": "false",
                            "enable_logging": "false",
                            "id": "kubernetes-the-easy-way-allow-internal-communication",
                            "name": "kubernetes-the-easy-way-allow-internal-communication",
                            "network": "https://www.googleapis.com/compute/v1/projects/ines-228218/global/networks/kubernetes-the-easy-way",
                            "priority": "1000",
                            "project": "ines-228218",
                            "self_link": "https://www.googleapis.com/compute/v1/projects/ines-228218/global/firewalls/kubernetes-the-easy-way-allow-internal-communication",
                            "source_ranges.#": "2",
                            "source_ranges.1706687978": "10.240.0.0/24",
                            "source_ranges.4252409353": "10.200.0.0/16",
                            "source_service_accounts.#": "0",
                            "source_tags.#": "0",
                            "target_service_accounts.#": "0",
                            "target_tags.#": "0"
                        },
                        "meta": {
                            "e2bfb730-ecaa-11e6-8f88-34363bc7c4c0": {
                                "create": 240000000000,
                                "delete": 240000000000,
                                "update": 240000000000
                            },
                            "schema_version": "1"
                        },
                        "tainted": false
                    },
                    "deposed": [],
                    "provider": "provider.google"
                },
                "google_compute_instance.controller.0": {
                    "type": "google_compute_instance",
                    "depends_on": [
                        "google_compute_subnetwork.default"
                    ],
                    "primary": {
                        "id": "controller-0",
                        "attributes": {
                            "attached_disk.#": "0",
                            "boot_disk.#": "1",
                            "boot_disk.0.auto_delete": "true",
                            "boot_disk.0.device_name": "persistent-disk-0",
                            "boot_disk.0.disk_encryption_key_raw": "",
                            "boot_disk.0.disk_encryption_key_sha256": "",
                            "boot_disk.0.initialize_params.#": "1",
                            "boot_disk.0.initialize_params.0.image": "https://www.googleapis.com/compute/v1/projects/ubuntu-os-cloud/global/images/ubuntu-1804-bionic-v20181222",
                            "boot_disk.0.initialize_params.0.size": "10",
                            "boot_disk.0.initialize_params.0.type": "pd-standard",
                            "boot_disk.0.source": "https://www.googleapis.com/compute/v1/projects/ines-228218/zones/europe-north1-a/disks/controller-0",
                            "can_ip_forward": "true",
                            "cpu_platform": "Intel Skylake",
                            "create_timeout": "4",
                            "deletion_protection": "false",
                            "guest_accelerator.#": "0",
                            "id": "controller-0",
                            "instance_id": "6313026710936038471",
                            "label_fingerprint": "42WmSpB8rSM=",
                            "labels.%": "0",
                            "machine_type": "n1-standard-1",
                            "metadata.%": "0",
                            "metadata_fingerprint": "KVlR5Dgw6uc=",
                            "metadata_startup_script": "",
                            "min_cpu_platform": "",
                            "name": "controller-0",
                            "network_interface.#": "1",
                            "network_interface.0.access_config.#": "0",
                            "network_interface.0.address": "10.240.0.10",
                            "network_interface.0.alias_ip_range.#": "0",
                            "network_interface.0.name": "nic0",
                            "network_interface.0.network": "https://www.googleapis.com/compute/v1/projects/ines-228218/global/networks/kubernetes-the-easy-way",
                            "network_interface.0.network_ip": "10.240.0.10",
                            "network_interface.0.subnetwork": "https://www.googleapis.com/compute/v1/projects/ines-228218/regions/europe-north1/subnetworks/kubernetes2",
                            "network_interface.0.subnetwork_project": "ines-228218",
                            "project": "ines-228218",
                            "scheduling.#": "1",
                            "scheduling.0.automatic_restart": "false",
                            "scheduling.0.on_host_maintenance": "MIGRATE",
                            "scheduling.0.preemptible": "false",
                            "scratch_disk.#": "0",
                            "self_link": "https://www.googleapis.com/compute/v1/projects/ines-228218/zones/europe-north1-a/instances/controller-0",
                            "service_account.#": "1",
                            "service_account.0.email": "624738613044-compute@developer.gserviceaccount.com",
                            "service_account.0.scopes.#": "6",
                            "service_account.0.scopes.1277378754": "https://www.googleapis.com/auth/monitoring",
                            "service_account.0.scopes.1632638332": "https://www.googleapis.com/auth/devstorage.read_only",
                            "service_account.0.scopes.172152165": "https://www.googleapis.com/auth/logging.write",
                            "service_account.0.scopes.299962681": "https://www.googleapis.com/auth/compute",
                            "service_account.0.scopes.316356861": "https://www.googleapis.com/auth/service.management.readonly",
                            "service_account.0.scopes.3663490875": "https://www.googleapis.com/auth/servicecontrol",
                            "tags.#": "2",
                            "tags.1290954394": "controller",
                            "tags.1580636282": "kubernetes-the-easy-way",
                            "tags_fingerprint": "bSshuOwMDDg=",
                            "zone": "europe-north1-a"
                        },
                        "meta": {
                            "e2bfb730-ecaa-11e6-8f88-34363bc7c4c0": {
                                "create": 360000000000,
                                "delete": 360000000000,
                                "update": 360000000000
                            },
                            "schema_version": "6"
                        },
                        "tainted": false
                    },
                    "deposed": [],
                    "provider": "provider.google"
                },
                "google_compute_instance.controller.1": {
                    "type": "google_compute_instance",
                    "depends_on": [
                        "google_compute_subnetwork.default"
                    ],
                    "primary": {
                        "id": "controller-1",
                        "attributes": {
                            "attached_disk.#": "0",
                            "boot_disk.#": "1",
                            "boot_disk.0.auto_delete": "true",
                            "boot_disk.0.device_name": "persistent-disk-0",
                            "boot_disk.0.disk_encryption_key_raw": "",
                            "boot_disk.0.disk_encryption_key_sha256": "",
                            "boot_disk.0.initialize_params.#": "1",
                            "boot_disk.0.initialize_params.0.image": "https://www.googleapis.com/compute/v1/projects/ubuntu-os-cloud/global/images/ubuntu-1804-bionic-v20181222",
                            "boot_disk.0.initialize_params.0.size": "10",
                            "boot_disk.0.initialize_params.0.type": "pd-standard",
                            "boot_disk.0.source": "https://www.googleapis.com/compute/v1/projects/ines-228218/zones/europe-north1-a/disks/controller-1",
                            "can_ip_forward": "true",
                            "cpu_platform": "Intel Skylake",
                            "create_timeout": "4",
                            "deletion_protection": "false",
                            "guest_accelerator.#": "0",
                            "id": "controller-1",
                            "instance_id": "4359428332037942386",
                            "label_fingerprint": "42WmSpB8rSM=",
                            "labels.%": "0",
                            "machine_type": "n1-standard-1",
                            "metadata.%": "0",
                            "metadata_fingerprint": "KVlR5Dgw6uc=",
                            "metadata_startup_script": "",
                            "min_cpu_platform": "",
                            "name": "controller-1",
                            "network_interface.#": "1",
                            "network_interface.0.access_config.#": "0",
                            "network_interface.0.address": "10.240.0.11",
                            "network_interface.0.alias_ip_range.#": "0",
                            "network_interface.0.name": "nic0",
                            "network_interface.0.network": "https://www.googleapis.com/compute/v1/projects/ines-228218/global/networks/kubernetes-the-easy-way",
                            "network_interface.0.network_ip": "10.240.0.11",
                            "network_interface.0.subnetwork": "https://www.googleapis.com/compute/v1/projects/ines-228218/regions/europe-north1/subnetworks/kubernetes2",
                            "network_interface.0.subnetwork_project": "ines-228218",
                            "project": "ines-228218",
                            "scheduling.#": "1",
                            "scheduling.0.automatic_restart": "false",
                            "scheduling.0.on_host_maintenance": "MIGRATE",
                            "scheduling.0.preemptible": "false",
                            "scratch_disk.#": "0",
                            "self_link": "https://www.googleapis.com/compute/v1/projects/ines-228218/zones/europe-north1-a/instances/controller-1",
                            "service_account.#": "1",
                            "service_account.0.email": "624738613044-compute@developer.gserviceaccount.com",
                            "service_account.0.scopes.#": "6",
                            "service_account.0.scopes.1277378754": "https://www.googleapis.com/auth/monitoring",
                            "service_account.0.scopes.1632638332": "https://www.googleapis.com/auth/devstorage.read_only",
                            "service_account.0.scopes.172152165": "https://www.googleapis.com/auth/logging.write",
                            "service_account.0.scopes.299962681": "https://www.googleapis.com/auth/compute",
                            "service_account.0.scopes.316356861": "https://www.googleapis.com/auth/service.management.readonly",
                            "service_account.0.scopes.3663490875": "https://www.googleapis.com/auth/servicecontrol",
                            "tags.#": "2",
                            "tags.1290954394": "controller",
                            "tags.1580636282": "kubernetes-the-easy-way",
                            "tags_fingerprint": "bSshuOwMDDg=",
                            "zone": "europe-north1-a"
                        },
                        "meta": {
                            "e2bfb730-ecaa-11e6-8f88-34363bc7c4c0": {
                                "create": 360000000000,
                                "delete": 360000000000,
                                "update": 360000000000
                            },
                            "schema_version": "6"
                        },
                        "tainted": false
                    },
                    "deposed": [],
                    "provider": "provider.google"
                },
                "google_compute_instance.controller.2": {
                    "type": "google_compute_instance",
                    "depends_on": [
                        "google_compute_subnetwork.default"
                    ],
                    "primary": {
                        "id": "controller-2",
                        "attributes": {
                            "attached_disk.#": "0",
                            "boot_disk.#": "1",
                            "boot_disk.0.auto_delete": "true",
                            "boot_disk.0.device_name": "persistent-disk-0",
                            "boot_disk.0.disk_encryption_key_raw": "",
                            "boot_disk.0.disk_encryption_key_sha256": "",
                            "boot_disk.0.initialize_params.#": "1",
                            "boot_disk.0.initialize_params.0.image": "https://www.googleapis.com/compute/v1/projects/ubuntu-os-cloud/global/images/ubuntu-1804-bionic-v20181222",
                            "boot_disk.0.initialize_params.0.size": "10",
                            "boot_disk.0.initialize_params.0.type": "pd-standard",
                            "boot_disk.0.source": "https://www.googleapis.com/compute/v1/projects/ines-228218/zones/europe-north1-a/disks/controller-2",
                            "can_ip_forward": "true",
                            "cpu_platform": "Intel Skylake",
                            "create_timeout": "4",
                            "deletion_protection": "false",
                            "guest_accelerator.#": "0",
                            "id": "controller-2",
                            "instance_id": "4895097855785905265",
                            "label_fingerprint": "42WmSpB8rSM=",
                            "labels.%": "0",
                            "machine_type": "n1-standard-1",
                            "metadata.%": "0",
                            "metadata_fingerprint": "KVlR5Dgw6uc=",
                            "metadata_startup_script": "",
                            "min_cpu_platform": "",
                            "name": "controller-2",
                            "network_interface.#": "1",
                            "network_interface.0.access_config.#": "0",
                            "network_interface.0.address": "10.240.0.12",
                            "network_interface.0.alias_ip_range.#": "0",
                            "network_interface.0.name": "nic0",
                            "network_interface.0.network": "https://www.googleapis.com/compute/v1/projects/ines-228218/global/networks/kubernetes-the-easy-way",
                            "network_interface.0.network_ip": "10.240.0.12",
                            "network_interface.0.subnetwork": "https://www.googleapis.com/compute/v1/projects/ines-228218/regions/europe-north1/subnetworks/kubernetes2",
                            "network_interface.0.subnetwork_project": "ines-228218",
                            "project": "ines-228218",
                            "scheduling.#": "1",
                            "scheduling.0.automatic_restart": "false",
                            "scheduling.0.on_host_maintenance": "MIGRATE",
                            "scheduling.0.preemptible": "false",
                            "scratch_disk.#": "0",
                            "self_link": "https://www.googleapis.com/compute/v1/projects/ines-228218/zones/europe-north1-a/instances/controller-2",
                            "service_account.#": "1",
                            "service_account.0.email": "624738613044-compute@developer.gserviceaccount.com",
                            "service_account.0.scopes.#": "6",
                            "service_account.0.scopes.1277378754": "https://www.googleapis.com/auth/monitoring",
                            "service_account.0.scopes.1632638332": "https://www.googleapis.com/auth/devstorage.read_only",
                            "service_account.0.scopes.172152165": "https://www.googleapis.com/auth/logging.write",
                            "service_account.0.scopes.299962681": "https://www.googleapis.com/auth/compute",
                            "service_account.0.scopes.316356861": "https://www.googleapis.com/auth/service.management.readonly",
                            "service_account.0.scopes.3663490875": "https://www.googleapis.com/auth/servicecontrol",
                            "tags.#": "2",
                            "tags.1290954394": "controller",
                            "tags.1580636282": "kubernetes-the-easy-way",
                            "tags_fingerprint": "bSshuOwMDDg=",
                            "zone": "europe-north1-a"
                        },
                        "meta": {
                            "e2bfb730-ecaa-11e6-8f88-34363bc7c4c0": {
                                "create": 360000000000,
                                "delete": 360000000000,
                                "update": 360000000000
                            },
                            "schema_version": "6"
                        },
                        "tainted": false
                    },
                    "deposed": [],
                    "provider": "provider.google"
                },
                "google_compute_instance.worker.0": {
                    "type": "google_compute_instance",
                    "depends_on": [
                        "google_compute_subnetwork.default"
                    ],
                    "primary": {
                        "id": "worker-0",
                        "attributes": {
                            "attached_disk.#": "0",
                            "boot_disk.#": "1",
                            "boot_disk.0.auto_delete": "true",
                            "boot_disk.0.device_name": "persistent-disk-0",
                            "boot_disk.0.disk_encryption_key_raw": "",
                            "boot_disk.0.disk_encryption_key_sha256": "",
                            "boot_disk.0.initialize_params.#": "1",
                            "boot_disk.0.initialize_params.0.image": "https://www.googleapis.com/compute/v1/projects/ubuntu-os-cloud/global/images/ubuntu-1804-bionic-v20181222",
                            "boot_disk.0.initialize_params.0.size": "10",
                            "boot_disk.0.initialize_params.0.type": "pd-standard",
                            "boot_disk.0.source": "https://www.googleapis.com/compute/v1/projects/ines-228218/zones/europe-north1-a/disks/worker-0",
                            "can_ip_forward": "true",
                            "cpu_platform": "Intel Skylake",
                            "create_timeout": "4",
                            "deletion_protection": "false",
                            "guest_accelerator.#": "0",
                            "id": "worker-0",
                            "instance_id": "9189002770150403143",
                            "label_fingerprint": "42WmSpB8rSM=",
                            "labels.%": "0",
                            "machine_type": "n1-standard-1",
                            "metadata.%": "1",
                            "metadata.pod-cidr": "10.200.0.0/24",
                            "metadata_fingerprint": "2AMTVN_4r5Q=",
                            "metadata_startup_script": "",
                            "min_cpu_platform": "",
                            "name": "worker-0",
                            "network_interface.#": "1",
                            "network_interface.0.access_config.#": "0",
                            "network_interface.0.address": "10.240.0.20",
                            "network_interface.0.alias_ip_range.#": "0",
                            "network_interface.0.name": "nic0",
                            "network_interface.0.network": "https://www.googleapis.com/compute/v1/projects/ines-228218/global/networks/kubernetes-the-easy-way",
                            "network_interface.0.network_ip": "10.240.0.20",
                            "network_interface.0.subnetwork": "https://www.googleapis.com/compute/v1/projects/ines-228218/regions/europe-north1/subnetworks/kubernetes2",
                            "network_interface.0.subnetwork_project": "ines-228218",
                            "project": "ines-228218",
                            "scheduling.#": "1",
                            "scheduling.0.automatic_restart": "false",
                            "scheduling.0.on_host_maintenance": "MIGRATE",
                            "scheduling.0.preemptible": "false",
                            "scratch_disk.#": "0",
                            "self_link": "https://www.googleapis.com/compute/v1/projects/ines-228218/zones/europe-north1-a/instances/worker-0",
                            "service_account.#": "1",
                            "service_account.0.email": "624738613044-compute@developer.gserviceaccount.com",
                            "service_account.0.scopes.#": "6",
                            "service_account.0.scopes.1277378754": "https://www.googleapis.com/auth/monitoring",
                            "service_account.0.scopes.1632638332": "https://www.googleapis.com/auth/devstorage.read_only",
                            "service_account.0.scopes.172152165": "https://www.googleapis.com/auth/logging.write",
                            "service_account.0.scopes.299962681": "https://www.googleapis.com/auth/compute",
                            "service_account.0.scopes.316356861": "https://www.googleapis.com/auth/service.management.readonly",
                            "service_account.0.scopes.3663490875": "https://www.googleapis.com/auth/servicecontrol",
                            "tags.#": "2",
                            "tags.1580636282": "kubernetes-the-easy-way",
                            "tags.2679291746": "worker",
                            "tags_fingerprint": "umUo2RJRJIw=",
                            "zone": "europe-north1-a"
                        },
                        "meta": {
                            "e2bfb730-ecaa-11e6-8f88-34363bc7c4c0": {
                                "create": 360000000000,
                                "delete": 360000000000,
                                "update": 360000000000
                            },
                            "schema_version": "6"
                        },
                        "tainted": false
                    },
                    "deposed": [],
                    "provider": "provider.google"
                },
                "google_compute_instance.worker.1": {
                    "type": "google_compute_instance",
                    "depends_on": [
                        "google_compute_subnetwork.default"
                    ],
                    "primary": {
                        "id": "worker-1",
                        "attributes": {
                            "attached_disk.#": "0",
                            "boot_disk.#": "1",
                            "boot_disk.0.auto_delete": "true",
                            "boot_disk.0.device_name": "persistent-disk-0",
                            "boot_disk.0.disk_encryption_key_raw": "",
                            "boot_disk.0.disk_encryption_key_sha256": "",
                            "boot_disk.0.initialize_params.#": "1",
                            "boot_disk.0.initialize_params.0.image": "https://www.googleapis.com/compute/v1/projects/ubuntu-os-cloud/global/images/ubuntu-1804-bionic-v20181222",
                            "boot_disk.0.initialize_params.0.size": "10",
                            "boot_disk.0.initialize_params.0.type": "pd-standard",
                            "boot_disk.0.source": "https://www.googleapis.com/compute/v1/projects/ines-228218/zones/europe-north1-a/disks/worker-1",
                            "can_ip_forward": "true",
                            "cpu_platform": "Intel Skylake",
                            "create_timeout": "4",
                            "deletion_protection": "false",
                            "guest_accelerator.#": "0",
                            "id": "worker-1",
                            "instance_id": "1493231698608204914",
                            "label_fingerprint": "42WmSpB8rSM=",
                            "labels.%": "0",
                            "machine_type": "n1-standard-1",
                            "metadata.%": "1",
                            "metadata.pod-cidr": "10.200.1.0/24",
                            "metadata_fingerprint": "EXx25F9IJno=",
                            "metadata_startup_script": "",
                            "min_cpu_platform": "",
                            "name": "worker-1",
                            "network_interface.#": "1",
                            "network_interface.0.access_config.#": "0",
                            "network_interface.0.address": "10.240.0.21",
                            "network_interface.0.alias_ip_range.#": "0",
                            "network_interface.0.name": "nic0",
                            "network_interface.0.network": "https://www.googleapis.com/compute/v1/projects/ines-228218/global/networks/kubernetes-the-easy-way",
                            "network_interface.0.network_ip": "10.240.0.21",
                            "network_interface.0.subnetwork": "https://www.googleapis.com/compute/v1/projects/ines-228218/regions/europe-north1/subnetworks/kubernetes2",
                            "network_interface.0.subnetwork_project": "ines-228218",
                            "project": "ines-228218",
                            "scheduling.#": "1",
                            "scheduling.0.automatic_restart": "false",
                            "scheduling.0.on_host_maintenance": "MIGRATE",
                            "scheduling.0.preemptible": "false",
                            "scratch_disk.#": "0",
                            "self_link": "https://www.googleapis.com/compute/v1/projects/ines-228218/zones/europe-north1-a/instances/worker-1",
                            "service_account.#": "1",
                            "service_account.0.email": "624738613044-compute@developer.gserviceaccount.com",
                            "service_account.0.scopes.#": "6",
                            "service_account.0.scopes.1277378754": "https://www.googleapis.com/auth/monitoring",
                            "service_account.0.scopes.1632638332": "https://www.googleapis.com/auth/devstorage.read_only",
                            "service_account.0.scopes.172152165": "https://www.googleapis.com/auth/logging.write",
                            "service_account.0.scopes.299962681": "https://www.googleapis.com/auth/compute",
                            "service_account.0.scopes.316356861": "https://www.googleapis.com/auth/service.management.readonly",
                            "service_account.0.scopes.3663490875": "https://www.googleapis.com/auth/servicecontrol",
                            "tags.#": "2",
                            "tags.1580636282": "kubernetes-the-easy-way",
                            "tags.2679291746": "worker",
                            "tags_fingerprint": "umUo2RJRJIw=",
                            "zone": "europe-north1-a"
                        },
                        "meta": {
                            "e2bfb730-ecaa-11e6-8f88-34363bc7c4c0": {
                                "create": 360000000000,
                                "delete": 360000000000,
                                "update": 360000000000
                            },
                            "schema_version": "6"
                        },
                        "tainted": false
                    },
                    "deposed": [],
                    "provider": "provider.google"
                },
                "google_compute_instance.worker.2": {
                    "type": "google_compute_instance",
                    "depends_on": [
                        "google_compute_subnetwork.default"
                    ],
                    "primary": {
                        "id": "worker-2",
                        "attributes": {
                            "attached_disk.#": "0",
                            "boot_disk.#": "1",
                            "boot_disk.0.auto_delete": "true",
                            "boot_disk.0.device_name": "persistent-disk-0",
                            "boot_disk.0.disk_encryption_key_raw": "",
                            "boot_disk.0.disk_encryption_key_sha256": "",
                            "boot_disk.0.initialize_params.#": "1",
                            "boot_disk.0.initialize_params.0.image": "https://www.googleapis.com/compute/v1/projects/ubuntu-os-cloud/global/images/ubuntu-1804-bionic-v20181222",
                            "boot_disk.0.initialize_params.0.size": "10",
                            "boot_disk.0.initialize_params.0.type": "pd-standard",
                            "boot_disk.0.source": "https://www.googleapis.com/compute/v1/projects/ines-228218/zones/europe-north1-a/disks/worker-2",
                            "can_ip_forward": "true",
                            "cpu_platform": "Intel Skylake",
                            "create_timeout": "4",
                            "deletion_protection": "false",
                            "guest_accelerator.#": "0",
                            "id": "worker-2",
                            "instance_id": "5333679922980662386",
                            "label_fingerprint": "42WmSpB8rSM=",
                            "labels.%": "0",
                            "machine_type": "n1-standard-1",
                            "metadata.%": "1",
                            "metadata.pod-cidr": "10.200.2.0/24",
                            "metadata_fingerprint": "D29lxEASgxE=",
                            "metadata_startup_script": "",
                            "min_cpu_platform": "",
                            "name": "worker-2",
                            "network_interface.#": "1",
                            "network_interface.0.access_config.#": "0",
                            "network_interface.0.address": "10.240.0.22",
                            "network_interface.0.alias_ip_range.#": "0",
                            "network_interface.0.name": "nic0",
                            "network_interface.0.network": "https://www.googleapis.com/compute/v1/projects/ines-228218/global/networks/kubernetes-the-easy-way",
                            "network_interface.0.network_ip": "10.240.0.22",
                            "network_interface.0.subnetwork": "https://www.googleapis.com/compute/v1/projects/ines-228218/regions/europe-north1/subnetworks/kubernetes2",
                            "network_interface.0.subnetwork_project": "ines-228218",
                            "project": "ines-228218",
                            "scheduling.#": "1",
                            "scheduling.0.automatic_restart": "false",
                            "scheduling.0.on_host_maintenance": "MIGRATE",
                            "scheduling.0.preemptible": "false",
                            "scratch_disk.#": "0",
                            "self_link": "https://www.googleapis.com/compute/v1/projects/ines-228218/zones/europe-north1-a/instances/worker-2",
                            "service_account.#": "1",
                            "service_account.0.email": "624738613044-compute@developer.gserviceaccount.com",
                            "service_account.0.scopes.#": "6",
                            "service_account.0.scopes.1277378754": "https://www.googleapis.com/auth/monitoring",
                            "service_account.0.scopes.1632638332": "https://www.googleapis.com/auth/devstorage.read_only",
                            "service_account.0.scopes.172152165": "https://www.googleapis.com/auth/logging.write",
                            "service_account.0.scopes.299962681": "https://www.googleapis.com/auth/compute",
                            "service_account.0.scopes.316356861": "https://www.googleapis.com/auth/service.management.readonly",
                            "service_account.0.scopes.3663490875": "https://www.googleapis.com/auth/servicecontrol",
                            "tags.#": "2",
                            "tags.1580636282": "kubernetes-the-easy-way",
                            "tags.2679291746": "worker",
                            "tags_fingerprint": "umUo2RJRJIw=",
                            "zone": "europe-north1-a"
                        },
                        "meta": {
                            "e2bfb730-ecaa-11e6-8f88-34363bc7c4c0": {
                                "create": 360000000000,
                                "delete": 360000000000,
                                "update": 360000000000
                            },
                            "schema_version": "6"
                        },
                        "tainted": false
                    },
                    "deposed": [],
                    "provider": "provider.google"
                },
                "google_compute_network.default": {
                    "type": "google_compute_network",
                    "depends_on": [],
                    "primary": {
                        "id": "kubernetes-the-easy-way",
                        "attributes": {
                            "auto_create_subnetworks": "false",
                            "description": "",
                            "gateway_ipv4": "",
                            "id": "kubernetes-the-easy-way",
                            "ipv4_range": "",
                            "name": "kubernetes-the-easy-way",
                            "project": "ines-228218",
                            "routing_mode": "REGIONAL",
                            "self_link": "https://www.googleapis.com/compute/v1/projects/ines-228218/global/networks/kubernetes-the-easy-way"
                        },
                        "meta": {},
                        "tainted": false
                    },
                    "deposed": [],
                    "provider": "provider.google"
                },
                "google_compute_subnetwork.default": {
                    "type": "google_compute_subnetwork",
                    "depends_on": [
                        "google_compute_network.default"
                    ],
                    "primary": {
                        "id": "europe-north1/kubernetes2",
                        "attributes": {
                            "creation_timestamp": "2019-01-23T07:43:34.104-08:00",
                            "description": "",
                            "enable_flow_logs": "false",
                            "fingerprint": "Xnnav3_OHgQ=",
                            "gateway_address": "10.240.0.1",
                            "id": "europe-north1/kubernetes2",
                            "ip_cidr_range": "10.240.0.0/24",
                            "name": "kubernetes2",
                            "network": "https://www.googleapis.com/compute/v1/projects/ines-228218/global/networks/kubernetes-the-easy-way",
                            "private_ip_google_access": "false",
                            "project": "ines-228218",
                            "region": "europe-north1",
                            "secondary_ip_range.#": "0",
                            "self_link": "https://www.googleapis.com/compute/v1/projects/ines-228218/regions/europe-north1/subnetworks/kubernetes2"
                        },
                        "meta": {
                            "e2bfb730-ecaa-11e6-8f88-34363bc7c4c0": {
                                "create": 360000000000,
                                "delete": 360000000000,
                                "update": 360000000000
                            }
                        },
                        "tainted": false
                    },
                    "deposed": [],
                    "provider": "provider.google"
                }
            },
            "depends_on": []
        }
    ]
}
